
Microsoft Visual Studio Solution File, Format Version 12.00
# Visual Studio Version 17
VisualStudioVersion = 17.13.35931.197 d17.13
MinimumVisualStudioVersion = 10.0.40219.1
Project("{FAE04EC0-301F-11D3-BF4B-00C04F79EFBC}") = "AgeCalculator", "AgeCalculator\AgeCalculator.csproj", "{CBB644C7-1849-4715-86FB-E1B006D4EC95}"
EndProject
Global
	GlobalSection(SolutionConfigurationPlatforms) = preSolution
		Debug|Any CPU = Debug|Any CPU
		Release|Any CPU = Release|Any CPU
	EndGlobalSection
	GlobalSection(ProjectConfigurationPlatforms) = postSolution
		{CBB644C7-1849-4715-86FB-E1B006D4EC95}.Debug|Any CPU.ActiveCfg = Debug|Any CPU
		{CBB644C7-1849-4715-86FB-E1B006D4EC95}.Debug|Any CPU.Build.0 = Debug|Any CPU
		{CBB644C7-1849-4715-86FB-E1B006D4EC95}.Release|Any CPU.ActiveCfg = Release|Any CPU
		{CBB644C7-1849-4715-86FB-E1B006D4EC95}.Release|Any CPU.Build.0 = Release|Any CPU
	EndGlobalSection
	GlobalSection(SolutionProperties) = preSolution
		HideSolutionNode = FALSE
	EndGlobalSection
	GlobalSection(ExtensibilityGlobals) = postSolution
		SolutionGuid = {E1660A6F-6B52-4DC7-983C-F7433E97F860}
	EndGlobalSection
EndGlobal
